
Microsoft Visual Studio Solution File, Format Version 12.00
# Visual Studio Version 17
VisualStudioVersion = 17.0.31903.59
MinimumVisualStudioVersion = 10.0.40219.1
Project("{FAE04EC0-301F-11D3-BF4B-00C04F79EFBC}") = "AddCurrentPath", "AddCurrentPath\AddCurrentPath.csproj", "{2C5332BF-2C70-4CE6-8AFA-D834A6F84537}"
EndProject
Project("{2150E333-8FDC-42A3-9474-1A3956D46DE8}") = "SolutionFiles", "SolutionFiles", "{9D5981F5-9083-482A-BE9D-D18FA676E8CC}"
	ProjectSection(SolutionItems) = preProject
		.gitignore = .gitignore
		README.md = README.md
		.github\workflows\publish.yml = .github\workflows\publish.yml
	EndProjectSection
EndProject
Project("{2150E333-8FDC-42A3-9474-1A3956D46DE8}") = "inno", "inno", "{40604AE4-B062-431F-8124-51D5C2764E31}"
	ProjectSection(SolutionItems) = preProject
		.github\workflows\inno.yml = .github\workflows\inno.yml
		packages\inno\inno.iss = packages\inno\inno.iss
	EndProjectSection
EndProject
Global
	GlobalSection(SolutionConfigurationPlatforms) = preSolution
		Debug|Any CPU = Debug|Any CPU
		Release|Any CPU = Release|Any CPU
	EndGlobalSection
	GlobalSection(SolutionProperties) = preSolution
		HideSolutionNode = FALSE
	EndGlobalSection
	GlobalSection(ProjectConfigurationPlatforms) = postSolution
		{2C5332BF-2C70-4CE6-8AFA-D834A6F84537}.Debug|Any CPU.ActiveCfg = Debug|Any CPU
		{2C5332BF-2C70-4CE6-8AFA-D834A6F84537}.Debug|Any CPU.Build.0 = Debug|Any CPU
		{2C5332BF-2C70-4CE6-8AFA-D834A6F84537}.Release|Any CPU.ActiveCfg = Release|Any CPU
		{2C5332BF-2C70-4CE6-8AFA-D834A6F84537}.Release|Any CPU.Build.0 = Release|Any CPU
	EndGlobalSection
	GlobalSection(NestedProjects) = preSolution
		{40604AE4-B062-431F-8124-51D5C2764E31} = {9D5981F5-9083-482A-BE9D-D18FA676E8CC}
	EndGlobalSection
EndGlobal
